# Image references are immutable OCI index digests.
python:3.13-alpine3.23@sha256:7ea3f82de8ea6d4fb7e5d2bbe3fe3c9d931700b7a529f1fe5769e42abe514ca1
node:22.23.2-alpine3.23@sha256:46825fbbd4e996a78b7a2cdc08d75e38a5a505bdab95dcda55605359bf124bc6
postgres:17.10@sha256:7958605b474b3d264a969cb3a123d6aa00ad1e1fe9da8a69984dabb704d93317
redis:7-alpine@sha256:e7723ff73d963f5cc6d9c4643ea3d989527a402a319239054e9472a7fb9219a2
nginx:alpine@sha256:4a73073bd557c65b759505da037898b61f1be6cbcc3c2c3aeac22d2a470c1752
otel/opentelemetry-collector-contrib:0.158.0@sha256:c5918f78992ee73b0d6f0e599423ac5ec52dd5d9726733114d6eca53d5a32ed5
grafana/tempo:2.9.4@sha256:3ecdaa1af90b3068e77e4fb4b11d9f26201c3a57d5740d34965a323173a4f1aa
prom/prometheus:v3.13.2@sha256:508729e0e2d18e11fd742a5a5ca70e557b940a93948c3c95fd0123a6fd538b69
grafana/loki:3.7.6@sha256:efd47c67f9bac88ca29bcf8cb997d9ab29d1848bd0aff579282295542a745952
grafana/grafana:13.1.2@sha256:d177053ab62253815f130d81504f77063baf5fd4ca93299d6048453bd31e047a
