{
  "corpus_digest": "2f7284d38bdf66ff8bef5b384d071704f97562db8aef61ee671b11346fdd0b23",
  "files": {
    ".claude/rules/14-browser-verification.md": "2557d10161775347febef418bbb4f0dd65d7ca0a94b39480a0e70822c472a939",
    ".claude/rules/20-backend-structure.md": "08bfdb02647f46e11236700f8d50a01b810057b3717038fcf069c7f84cc49bce",
    ".claude/rules/21-backend-api-standards.md": "073ce503e6cb9b30b7bcdce744af526634e772b2df7bc0a40b834d4f99ec0506",
    ".claude/rules/22-backend-configuration.md": "950e64a3899180b20d07a0fb026d8c2a01b5d05aa22e33d10b9c1366580321fd",
    ".claude/rules/23-backend-caching.md": "7380b5c1cfe54883be4658fe52b2a66f9a544f2db45bda1dc4df4b1036dde22b",
    ".claude/rules/24-backend-testing.md": "3b6f3694469d6b7b256d426ca95babf6fe4461aa3ae0e297cc3d5b65f4c08d5f",
    ".claude/rules/25-backend-observability.md": "aa4daa919550b48243ae0fa5da8dda4b55139a5489f866fefc4e801df5100845",
    ".claude/rules/30-frontend-structure.md": "16605110a2b4aadbd6d36e31596d24a39d4dbbbcf939607a8bcb5004bd523900",
    ".claude/rules/31-frontend-api-integration.md": "aada0e275d1eb8895e8181b2e50363ed18458dc4525943e07547e2d6f39003de",
    ".claude/rules/32-frontend-styling.md": "60e5b6547434adef155567d065bb821f68eac5ef56cee116699a4ec2aa4873e3",
    ".claude/rules/33-frontend-localization.md": "ecc42c9edd39971950ed63295a637dbddb1b9ae179bdbba3da837743f29ecaba",
    ".claude/rules/34-frontend-state-management.md": "95ad6ef9a590a5404c91c2bacb5fe0c45ba096dcdbcd63fe1dd5f3ba6b13ef7a",
    ".claude/rules/40-persistence-source.md": "cc2ef04155345bbdf740d0e50b3019917e38593fd48945fa75f431ac27e6b8b0",
    ".claude/rules/41-schema-mandatory-columns.md": "fb2279a6d5a9d0cece7b3666ae5aef384cdf561f7284f9bd049f8e306f96a080",
    ".claude/rules/42-reference-integrity.md": "09979a2b293fdfbaed1f52ad45ef24cc2cac22967a3c0a1969c0cda06f320fa9",
    ".claude/rules/43-schema-comments.md": "a2c279bab3e17cb557207a0d66d209aac89783cdea9da58b103dba22e601c43f",
    ".claude/rules/44-schema-engine-boundary.md": "ce7832970b9aa9f8788e1d4803317e145fe3033e9a36e82e2d5a441581805681",
    ".claude/rules/45-deployment-target.md": "664c2226d3b758915035905209178e9221c32af423e131ca55073f2440720fb2",
    ".claude/rules/46-vector-embedding-boundary.md": "24bb16d8e3eabb6ebeb18fa737d8a544dc4223c878c4fa84a5f77610a147e32c",
    ".claude/settings.json": "41d4924a726e61602f4d51534aee4c8f752b1899fd0c5f1cb7687adf373f9688",
    ".claude/skills/kt-alan/SKILL.md": "60195ed61849a6868b3644231900f8c0f3ca4f5e8d89f2db9ebb2b8e21cba3cf",
    ".claude/skills/kt-baslat/SKILL.md": "56a6b10b6867dac4cd4a299ee4d92f132a241341e5332db7c8c1eaa6a52e31f8",
    ".claude/skills/kt-domain/SKILL.md": "75c641870413260c1898db11e52cb60b288b2cd0ff868cba49b46932be3086d6",
    ".claude/skills/kt-done/SKILL.md": "8b391a69ff70804364a67182212ec18c61dd3468e231684d3301cef4e3c88d39",
    ".claude/skills/kt-gate/SKILL.md": "2c01dde2d4112165bc01d9d7705819ff5dcda20c74094d101cea6eecab1cf729",
    ".claude/skills/kt-guncelle/SKILL.md": "26bf80c78919e83f31fac67a917d8de46a8f0d9bce340017708c691175cebd42",
    ".claude/skills/kt-init/SKILL.md": "c4b0519b94f96b7712ee783332cf59834069a81ffee9cf5484bb06387633579a",
    ".claude/skills/kt-kalite-kapisi/SKILL.md": "c49038074e59cfe3925fa0cc6f928dacd01a146d3950090702346d99b18a944d",
    ".claude/skills/kt-kural/SKILL.md": "c4c5a194524f02e1735774dc9da937743464b1e4c6950a1e4f3adbe8af32fc20",
    ".claude/skills/kt-kurallar/SKILL.md": "835df202c3e0f07d6b41d095d7e5bac77962fc0dd160c73672baf974e14980f4",
    ".claude/skills/kt-page/SKILL.md": "8f06dfbe32414ff72fb180f4c95e665dc9dd66b047b0731bdfe01a37486e4192",
    ".claude/skills/kt-render/SKILL.md": "53342b146c1e049bb512e71816ce5033e1ad178023768438852dc1657329622b",
    ".claude/skills/kt-rule/SKILL.md": "04594950e99ce44494642b1c80d5ad82a80857ccc128080ae3b79e62ad80c712",
    ".claude/skills/kt-rules/SKILL.md": "e923239acc928ec7ae89c82c1176cfcf244332ebad1e79a3d4919dcc8fd37d3e",
    ".claude/skills/kt-sayfa/SKILL.md": "e11bc80d3f5b37d50fe207755f2cf80fcd4c5b1ee3ffdbc4db07d655cfe54aae",
    ".claude/skills/kt-scenario/SKILL.md": "4ad1e89136755e1fefc8ea9151249a34bfe18c91ccd1c897600b7f9ca85d5a1c",
    ".claude/skills/kt-schema/SKILL.md": "7396f6256ff2bf9a295a059d41cc8d1c341e2d02deba8730e1844bcdf20fa915",
    ".claude/skills/kt-sema/SKILL.md": "9e1c27136c27a2cfcb0ae7b1f424ce8856d99f6c92f1b670db0be89d343bca74",
    ".claude/skills/kt-senaryo/SKILL.md": "faf12024a8669e0e7a5bf32d4e86cebbb04663d69be0d08f2a16611eb5cf4769",
    ".claude/skills/kt-spec/SKILL.md": "570f7701e0f08dd82f310e738c5898e6cf07f496b4d41a26d49e068535159488",
    ".claude/skills/kt-spesifikasyon/SKILL.md": "ea962035aac6aef491665c7dadb0a38e8263d0dba657747abbc594a1dd6bd047",
    ".claude/skills/kt-tamamla/SKILL.md": "35b1e601cd34507abd1e9da27e25021f81962b65a650a825b5740b11b44acad6",
    ".claude/skills/kt-test-run-report/SKILL.md": "d455c58dfcb8f7a17b99eed33d51e3840e116a369e3c060b008446b4f27f3c0e",
    ".claude/skills/kt-update/SKILL.md": "d1d28e65113b251bbe77e958949af51b44d1991f36b3769cf5ff397235086a39",
    ".claude/skills/kt-yansit/SKILL.md": "962406101ac6dbab585c1580a1b4cbee3e645b7fadb1f062cfc996d9b5327420",
    ".codex/config.toml": "764da7c6cb82d2de16e3e9106b17d0ce240c62ef2b919361b21c7a4fc4cd4dd3",
    ".codex/skills/kt-alan/SKILL.md": "60195ed61849a6868b3644231900f8c0f3ca4f5e8d89f2db9ebb2b8e21cba3cf",
    ".codex/skills/kt-baslat/SKILL.md": "56a6b10b6867dac4cd4a299ee4d92f132a241341e5332db7c8c1eaa6a52e31f8",
    ".codex/skills/kt-domain/SKILL.md": "75c641870413260c1898db11e52cb60b288b2cd0ff868cba49b46932be3086d6",
    ".codex/skills/kt-done/SKILL.md": "8b391a69ff70804364a67182212ec18c61dd3468e231684d3301cef4e3c88d39",
    ".codex/skills/kt-gate/SKILL.md": "2c01dde2d4112165bc01d9d7705819ff5dcda20c74094d101cea6eecab1cf729",
    ".codex/skills/kt-guncelle/SKILL.md": "26bf80c78919e83f31fac67a917d8de46a8f0d9bce340017708c691175cebd42",
    ".codex/skills/kt-init/SKILL.md": "c4b0519b94f96b7712ee783332cf59834069a81ffee9cf5484bb06387633579a",
    ".codex/skills/kt-kalite-kapisi/SKILL.md": "c49038074e59cfe3925fa0cc6f928dacd01a146d3950090702346d99b18a944d",
    ".codex/skills/kt-kural/SKILL.md": "c4c5a194524f02e1735774dc9da937743464b1e4c6950a1e4f3adbe8af32fc20",
    ".codex/skills/kt-kurallar/SKILL.md": "835df202c3e0f07d6b41d095d7e5bac77962fc0dd160c73672baf974e14980f4",
    ".codex/skills/kt-page/SKILL.md": "8f06dfbe32414ff72fb180f4c95e665dc9dd66b047b0731bdfe01a37486e4192",
    ".codex/skills/kt-render/SKILL.md": "53342b146c1e049bb512e71816ce5033e1ad178023768438852dc1657329622b",
    ".codex/skills/kt-rule/SKILL.md": "04594950e99ce44494642b1c80d5ad82a80857ccc128080ae3b79e62ad80c712",
    ".codex/skills/kt-rules/SKILL.md": "e923239acc928ec7ae89c82c1176cfcf244332ebad1e79a3d4919dcc8fd37d3e",
    ".codex/skills/kt-sayfa/SKILL.md": "e11bc80d3f5b37d50fe207755f2cf80fcd4c5b1ee3ffdbc4db07d655cfe54aae",
    ".codex/skills/kt-scenario/SKILL.md": "4ad1e89136755e1fefc8ea9151249a34bfe18c91ccd1c897600b7f9ca85d5a1c",
    ".codex/skills/kt-schema/SKILL.md": "7396f6256ff2bf9a295a059d41cc8d1c341e2d02deba8730e1844bcdf20fa915",
    ".codex/skills/kt-sema/SKILL.md": "9e1c27136c27a2cfcb0ae7b1f424ce8856d99f6c92f1b670db0be89d343bca74",
    ".codex/skills/kt-senaryo/SKILL.md": "faf12024a8669e0e7a5bf32d4e86cebbb04663d69be0d08f2a16611eb5cf4769",
    ".codex/skills/kt-spec/SKILL.md": "570f7701e0f08dd82f310e738c5898e6cf07f496b4d41a26d49e068535159488",
    ".codex/skills/kt-spesifikasyon/SKILL.md": "ea962035aac6aef491665c7dadb0a38e8263d0dba657747abbc594a1dd6bd047",
    ".codex/skills/kt-tamamla/SKILL.md": "35b1e601cd34507abd1e9da27e25021f81962b65a650a825b5740b11b44acad6",
    ".codex/skills/kt-test-run-report/SKILL.md": "d455c58dfcb8f7a17b99eed33d51e3840e116a369e3c060b008446b4f27f3c0e",
    ".codex/skills/kt-update/SKILL.md": "d1d28e65113b251bbe77e958949af51b44d1991f36b3769cf5ff397235086a39",
    ".codex/skills/kt-yansit/SKILL.md": "962406101ac6dbab585c1580a1b4cbee3e645b7fadb1f062cfc996d9b5327420",
    ".cursor/rules/14-browser-verification.mdc": "bbf1e2fc8e13b79ee7e04891d0f8242f379bf52b66725ae47a7806cbf3944314",
    ".cursor/rules/20-backend-structure.mdc": "6ce818e8c272257cf8f422100a001e603d20adaafae02545dde2c7b202473f70",
    ".cursor/rules/21-backend-api-standards.mdc": "eb09735eac67e40b460a9e88211835a698c55b9fd35acef048ca5fa49ba1ce84",
    ".cursor/rules/22-backend-configuration.mdc": "6e3f2597562700130bcd0591510c6a471b58ba696f3336d24d6fc028f4d6d25c",
    ".cursor/rules/23-backend-caching.mdc": "c82266850e3e292d32b5741880d8d1dee28923601c2ebe0d64383c94645dc3ac",
    ".cursor/rules/24-backend-testing.mdc": "e941c09b883c1f9b2aee066f6285b039e03d0a302d573c7d7fb088890772952b",
    ".cursor/rules/25-backend-observability.mdc": "1174d653359692f24ca047b94fb4b4d4b4d2b03f5b2b213a48467a5e51d34e16",
    ".cursor/rules/30-frontend-structure.mdc": "689354940887b5e15c57b9340079d47823a6f68e0dc5d1ef84921dc2d2bc90f3",
    ".cursor/rules/31-frontend-api-integration.mdc": "9adca8884c3132e921da12020ac0e15d36ee082bae98e9fbd62b5fd5aad2a2ab",
    ".cursor/rules/32-frontend-styling.mdc": "a77f55fe2548beda68f15b6c4ab50feffb6df411357a4a0968760c685a1084d2",
    ".cursor/rules/33-frontend-localization.mdc": "e22ecadc9d6227d1cd1413baf5a98db8dd69d6f5c5518d1382dbf0056c413541",
    ".cursor/rules/34-frontend-state-management.mdc": "65d182a439bfa78c03c972a63dae932f0cd53fb0096ad97349ee15ec14f6283a",
    ".cursor/rules/40-persistence-source.mdc": "29b4be8219c1f1a69e9007b719a86617ba428b7f56da6d66463ac8cf2d404db0",
    ".cursor/rules/41-schema-mandatory-columns.mdc": "0b6670d8e818a58617465dbb7414dfaa0ea053f77866e854ccdd48f677aa06fc",
    ".cursor/rules/42-reference-integrity.mdc": "39b816f91bb2580f79999539c868b369f193a7b7e5419062fe2ed52d74b78453",
    ".cursor/rules/43-schema-comments.mdc": "dabdab1320ce933bc7bef504c856e0a034a5498fb13cc5ecfa32981cb818ddfb",
    ".cursor/rules/44-schema-engine-boundary.mdc": "80b885f39cbd4e46beb3a05f31d80f26276e4e188f561c962814a6cbd4d12e91",
    ".cursor/rules/45-deployment-target.mdc": "d4e25f334b20e6e4f61bbb60e71ede6a62e4598b334f3d13867f1ecdb0c9ac28",
    ".cursor/rules/46-vector-embedding-boundary.mdc": "75b34f6ec61fc05183571300bf8358e96f45489b9dc0473fc56b9bf739248d62",
    ".specify/memory/constitution.md": "e72df3b71f5e8bff549693db02aaf77a9887f95349589871c8ce5af50bdbe7ee",
    "AGENTS.md": "b08df0a8e5b2cf70058c993d3f7ef5a7b4169a229f4931a149469ecf2ff5478d",
    "CLAUDE.md": "f6e9614713a50556b520fcf45203b2ec15317c4ab823c74cabf87b7872fc3d38"
  }
}
